
Microsoft Visual Studio Solution File, Format Version 12.00
# Visual Studio Version 17
VisualStudioVersion = 17.11.35303.130
MinimumVisualStudioVersion = 10.0.40219.1
Project("{9A19103F-16F7-4668-BE54-9A1E7A4F7556}") = "MisVentas", "MisVentas\MisVentas.csproj", "{9ADD19B5-BA6F-4BB0-95CC-AC6AA3B54083}"
EndProject
Global
	GlobalSection(SolutionConfigurationPlatforms) = preSolution
		Debug|Any CPU = Debug|Any CPU
		Release|Any CPU = Release|Any CPU
	EndGlobalSection
	GlobalSection(ProjectConfigurationPlatforms) = postSolution
		{9ADD19B5-BA6F-4BB0-95CC-AC6AA3B54083}.Debug|Any CPU.ActiveCfg = Debug|Any CPU
		{9ADD19B5-BA6F-4BB0-95CC-AC6AA3B54083}.Debug|Any CPU.Build.0 = Debug|Any CPU
		{9ADD19B5-BA6F-4BB0-95CC-AC6AA3B54083}.Release|Any CPU.ActiveCfg = Release|Any CPU
		{9ADD19B5-BA6F-4BB0-95CC-AC6AA3B54083}.Release|Any CPU.Build.0 = Release|Any CPU
	EndGlobalSection
	GlobalSection(SolutionProperties) = preSolution
		HideSolutionNode = FALSE
	EndGlobalSection
	GlobalSection(ExtensibilityGlobals) = postSolution
		SolutionGuid = {3D2DD4DE-FCDF-4239-90C0-1EDFE87B3A79}
	EndGlobalSection
EndGlobal
